
Microsoft Visual Studio Solution File, Format Version 12.00
# Visual Studio Version 17
VisualStudioVersion = 17.10.35122.118
MinimumVisualStudioVersion = 10.0.40219.1
Project("{FAE04EC0-301F-11D3-BF4B-00C04F79EFBC}") = "Pedidos Lanchonete", "Pedidos Lanchonete\Pedidos Lanchonete.csproj", "{2B35904D-D0F4-48C1-983E-3D7B2E587240}"
EndProject
Global
	GlobalSection(SolutionConfigurationPlatforms) = preSolution
		Debug|Any CPU = Debug|Any CPU
		Release|Any CPU = Release|Any CPU
	EndGlobalSection
	GlobalSection(ProjectConfigurationPlatforms) = postSolution
		{2B35904D-D0F4-48C1-983E-3D7B2E587240}.Debug|Any CPU.ActiveCfg = Debug|Any CPU
		{2B35904D-D0F4-48C1-983E-3D7B2E587240}.Debug|Any CPU.Build.0 = Debug|Any CPU
		{2B35904D-D0F4-48C1-983E-3D7B2E587240}.Release|Any CPU.ActiveCfg = Release|Any CPU
		{2B35904D-D0F4-48C1-983E-3D7B2E587240}.Release|Any CPU.Build.0 = Release|Any CPU
	EndGlobalSection
	GlobalSection(SolutionProperties) = preSolution
		HideSolutionNode = FALSE
	EndGlobalSection
	GlobalSection(ExtensibilityGlobals) = postSolution
		SolutionGuid = {62F87CC3-B0A7-482B-B073-1601E0DF44AB}
	EndGlobalSection
EndGlobal
